
Microsoft Visual Studio Solution File, Format Version 12.00
# Visual Studio Version 17
VisualStudioVersion = 17.0.31903.59
MinimumVisualStudioVersion = 10.0.40219.1
Project("{2150E333-8FDC-42A3-9474-1A3956D46DE8}") = "src", "src", "{CDDAF576-5E80-42BC-867E-C33FF8DF21B7}"
EndProject
Project("{2150E333-8FDC-42A3-9474-1A3956D46DE8}") = "ClaudeAlert", "ClaudeAlert", "{09B69C8D-A701-480C-9E09-F7F26AFD0BA0}"
EndProject
Project("{FAE04EC0-301F-11D3-BF4B-00C04F79EFBC}") = "ClaudeAlert", "src\ClaudeAlert\ClaudeAlert\ClaudeAlert.csproj", "{58C0493E-87FD-4512-9FED-2200F86E723A}"
EndProject
Global
	GlobalSection(SolutionConfigurationPlatforms) = preSolution
		Debug|Any CPU = Debug|Any CPU
		Release|Any CPU = Release|Any CPU
	EndGlobalSection
	GlobalSection(SolutionProperties) = preSolution
		HideSolutionNode = FALSE
	EndGlobalSection
	GlobalSection(ProjectConfigurationPlatforms) = postSolution
		{58C0493E-87FD-4512-9FED-2200F86E723A}.Debug|Any CPU.ActiveCfg = Debug|Any CPU
		{58C0493E-87FD-4512-9FED-2200F86E723A}.Debug|Any CPU.Build.0 = Debug|Any CPU
		{58C0493E-87FD-4512-9FED-2200F86E723A}.Release|Any CPU.ActiveCfg = Release|Any CPU
		{58C0493E-87FD-4512-9FED-2200F86E723A}.Release|Any CPU.Build.0 = Release|Any CPU
	EndGlobalSection
	GlobalSection(NestedProjects) = preSolution
		{09B69C8D-A701-480C-9E09-F7F26AFD0BA0} = {CDDAF576-5E80-42BC-867E-C33FF8DF21B7}
		{58C0493E-87FD-4512-9FED-2200F86E723A} = {09B69C8D-A701-480C-9E09-F7F26AFD0BA0}
	EndGlobalSection
EndGlobal
